// !$*UTF8*$!
{
	archiveVersion = 1;
	classes = {
	};
	objectVersion = 50;
	objects = {

/* Begin PBXBuildFile section */
		1050B2A11E056E3F98F72C5B /* Pods_AimTests.framework in Frameworks */ = {isa = PBXBuildFile; fileRef = D9B2B16ACE0050B3AAF6C284 /* Pods_AimTests.framework */; };
		276F418D792FF14703088F13 /* Pods_Aim.framework in Frameworks */ = {isa = PBXBuildFile; fileRef = AC025B6D9E9D05C322C0AB15 /* Pods_Aim.framework */; };
		42AFA65D398C4E188F699635 /* Pods_AimUITests.framework in Frameworks */ = {isa = PBXBuildFile; fileRef = 744C3FB315EF8685BFFC065D /* Pods_AimUITests.framework */; };
		C5023DDF22B77B5100428294 /* Create Habit.storyboard in Resources */ = {isa = PBXBuildFile; fileRef = C5023DDD22B77B5100428294 /* Create Habit.storyboard */; };
		C516CE5422674596000F6028 /* CALayerAnimations.swift in Sources */ = {isa = PBXBuildFile; fileRef = C516CE5322674596000F6028 /* CALayerAnimations.swift */; };
		C51E5D7C22B7801700C546F3 /* DetailedHabit.storyboard in Resources */ = {isa = PBXBuildFile; fileRef = C51E5D7A22B7801700C546F3 /* DetailedHabit.storyboard */; };
		C51E5D7E22B789C000C546F3 /* AppInfoTableViewCell.swift in Sources */ = {isa = PBXBuildFile; fileRef = C51E5D7D22B789C000C546F3 /* AppInfoTableViewCell.swift */; };
		C520CD5E22B56C1C00049B52 /* SettingsViewController.swift in Sources */ = {isa = PBXBuildFile; fileRef = C520CD5D22B56C1C00049B52 /* SettingsViewController.swift */; };
		C520CD6022B6CD9300049B52 /* UIImage.swift in Sources */ = {isa = PBXBuildFile; fileRef = C520CD5F22B6CD9300049B52 /* UIImage.swift */; };
		C5238F58211AA95E00AD8949 /* Bubble Launch Screen.storyboard in Resources */ = {isa = PBXBuildFile; fileRef = C5238F57211AA95E00AD8949 /* Bubble Launch Screen.storyboard */; };
		C5238F5A211B5EE300AD8949 /* Onboarding.storyboard in Resources */ = {isa = PBXBuildFile; fileRef = C5238F59211B5EE300AD8949 /* Onboarding.storyboard */; };
		C5238F5C211B5F2000AD8949 /* Storyboard.swift in Sources */ = {isa = PBXBuildFile; fileRef = C5238F5B211B5F2000AD8949 /* Storyboard.swift */; };
		C52C521921316ADA009EA9D6 /* GoogleService-Info.plist in Resources */ = {isa = PBXBuildFile; fileRef = C52C521821316ADA009EA9D6 /* GoogleService-Info.plist */; };
		C52C521C21316F85009EA9D6 /* AnalyticsService.swift in Sources */ = {isa = PBXBuildFile; fileRef = C52C521B21316F85009EA9D6 /* AnalyticsService.swift */; };
		C53630032105ACFD007DFC7A /* AppDelegate.swift in Sources */ = {isa = PBXBuildFile; fileRef = C53630022105ACFD007DFC7A /* AppDelegate.swift */; };
		C53630082105ACFD007DFC7A /* Main.storyboard in Resources */ = {isa = PBXBuildFile; fileRef = C53630062105ACFD007DFC7A /* Main.storyboard */; };
		C536300B2105ACFD007DFC7A /* Aim.xcdatamodeld in Sources */ = {isa = PBXBuildFile; fileRef = C53630092105ACFD007DFC7A /* Aim.xcdatamodeld */; };
		C536300D2105ACFE007DFC7A /* Assets.xcassets in Resources */ = {isa = PBXBuildFile; fileRef = C536300C2105ACFE007DFC7A /* Assets.xcassets */; };
		C536301B2105ACFE007DFC7A /* AimTests.swift in Sources */ = {isa = PBXBuildFile; fileRef = C536301A2105ACFE007DFC7A /* AimTests.swift */; };
		C53630262105ACFE007DFC7A /* AimUITests.swift in Sources */ = {isa = PBXBuildFile; fileRef = C53630252105ACFE007DFC7A /* AimUITests.swift */; };
		C53630342106B74C007DFC7A /* HabitsScene.swift in Sources */ = {isa = PBXBuildFile; fileRef = C53630332106B74C007DFC7A /* HabitsScene.swift */; };
		C53630362106D7A9007DFC7A /* HabitsViewController.swift in Sources */ = {isa = PBXBuildFile; fileRef = C53630352106D7A9007DFC7A /* HabitsViewController.swift */; };
		C57AF4DA22B15889004A8971 /* String.swift in Sources */ = {isa = PBXBuildFile; fileRef = C57AF4D922B15889004A8971 /* String.swift */; };
		C57AF4DC22B158AE004A8971 /* Int.swift in Sources */ = {isa = PBXBuildFile; fileRef = C57AF4DB22B158AE004A8971 /* Int.swift */; };
		C57AF4DF22B1872B004A8971 /* CGRect.swift in Sources */ = {isa = PBXBuildFile; fileRef = C57AF4DE22B1872B004A8971 /* CGRect.swift */; };
		C57AF4E122B187FC004A8971 /* CGPoint.swift in Sources */ = {isa = PBXBuildFile; fileRef = C5A35183210A385200A717D3 /* CGPoint.swift */; };
		C57D579422B0130A00E28AB3 /* UINavigationBar.swift in Sources */ = {isa = PBXBuildFile; fileRef = C57D579322B0130900E28AB3 /* UINavigationBar.swift */; };
		C594D13E2119FDB3000F5D35 /* OnboardindViewController.swift in Sources */ = {isa = PBXBuildFile; fileRef = C594D13D2119FDB3000F5D35 /* OnboardindViewController.swift */; };
		C594D140211A00F5000F5D35 /* Bulletin.swift in Sources */ = {isa = PBXBuildFile; fileRef = C594D13F211A00F5000F5D35 /* Bulletin.swift */; };
		C594D142211A4731000F5D35 /* SettingsTableViewController.swift in Sources */ = {isa = PBXBuildFile; fileRef = C594D141211A4731000F5D35 /* SettingsTableViewController.swift */; };
		C5985B012110D3BE000520F0 /* SKHabitNode.swift in Sources */ = {isa = PBXBuildFile; fileRef = C5985B002110D3BE000520F0 /* SKHabitNode.swift */; };
		C5A35186210A663B00A717D3 /* CoreData.swift in Sources */ = {isa = PBXBuildFile; fileRef = C5A35185210A663B00A717D3 /* CoreData.swift */; };
		C5A35188210A6BE800A717D3 /* Habit.swift in Sources */ = {isa = PBXBuildFile; fileRef = C5A35187210A6BE800A717D3 /* Habit.swift */; };
		C5AF7C8521091C2D000893D2 /* CircularTransition.swift in Sources */ = {isa = PBXBuildFile; fileRef = C5AF7C8421091C2D000893D2 /* CircularTransition.swift */; };
		C5B0CB9E2112D15B004C1B55 /* Log+CoreDataClass.swift in Sources */ = {isa = PBXBuildFile; fileRef = C5B0CB9A2112D15B004C1B55 /* Log+CoreDataClass.swift */; };
		C5B0CB9F2112D15B004C1B55 /* Log+CoreDataProperties.swift in Sources */ = {isa = PBXBuildFile; fileRef = C5B0CB9B2112D15B004C1B55 /* Log+CoreDataProperties.swift */; };
		C5B0CBA02112D15B004C1B55 /* Habit+CoreDataClass.swift in Sources */ = {isa = PBXBuildFile; fileRef = C5B0CB9C2112D15B004C1B55 /* Habit+CoreDataClass.swift */; };
		C5B0CBA12112D15B004C1B55 /* Habit+CoreDataProperties.swift in Sources */ = {isa = PBXBuildFile; fileRef = C5B0CB9D2112D15B004C1B55 /* Habit+CoreDataProperties.swift */; };
		C5B0CBA321137743004C1B55 /* DetailedHabitViewController.swift in Sources */ = {isa = PBXBuildFile; fileRef = C5B0CBA221137742004C1B55 /* DetailedHabitViewController.swift */; };
		C5B5839821137825006E25B6 /* DateCell.swift in Sources */ = {isa = PBXBuildFile; fileRef = C5B5839721137825006E25B6 /* DateCell.swift */; };
		C5B5839A21139A0F006E25B6 /* Date.swift in Sources */ = {isa = PBXBuildFile; fileRef = C5B5839921139A0F006E25B6 /* Date.swift */; };
		C5F7B7412109428F0094A09E /* CreateHabitViewController.swift in Sources */ = {isa = PBXBuildFile; fileRef = C5F7B7402109428F0094A09E /* CreateHabitViewController.swift */; };
		C5F7B74321095E360094A09E /* ColorPicker.swift in Sources */ = {isa = PBXBuildFile; fileRef = C5F7B74221095E360094A09E /* ColorPicker.swift */; };
		C5F7B7452109605B0094A09E /* Constants.swift in Sources */ = {isa = PBXBuildFile; fileRef = C5F7B7442109605B0094A09E /* Constants.swift */; };
		C5F7B747210985900094A09E /* UIColor.swift in Sources */ = {isa = PBXBuildFile; fileRef = C5F7B746210985900094A09E /* UIColor.swift */; };
		C5F7B74921098A7C0094A09E /* UIButton.swift in Sources */ = {isa = PBXBuildFile; fileRef = C5F7B74821098A7C0094A09E /* UIButton.swift */; };
		C5F7B74B210A2EBA0094A09E /* UIView.swift in Sources */ = {isa = PBXBuildFile; fileRef = C5F7B74A210A2EBA0094A09E /* UIView.swift */; };
/* End PBXBuildFile section */

/* Begin PBXContainerItemProxy section */
		C53630172105ACFE007DFC7A /* PBXContainerItemProxy */ = {
			isa = PBXContainerItemProxy;
			containerPortal = C5362FF72105ACFD007DFC7A /* Project object */;
			proxyType = 1;
			remoteGlobalIDString = C5362FFE2105ACFD007DFC7A;
			remoteInfo = Aim;
		};
		C53630222105ACFE007DFC7A /* PBXContainerItemProxy */ = {
			isa = PBXContainerItemProxy;
			containerPortal = C5362FF72105ACFD007DFC7A /* Project object */;
			proxyType = 1;
			remoteGlobalIDString = C5362FFE2105ACFD007DFC7A;
			remoteInfo = Aim;
		};
/* End PBXContainerItemProxy section */

/* Begin PBXFileReference section */
		1EBF28622EC97DBA11875FD6 /* Pods-AimUITests.debug.xcconfig */ = {isa = PBXFileReference; includeInIndex = 1; lastKnownFileType = text.xcconfig; name = "Pods-AimUITests.debug.xcconfig"; path = "Pods/Target Support Files/Pods-AimUITests/Pods-AimUITests.debug.xcconfig"; sourceTree = "<group>"; };
		2F1150228F20D090AAE5622F /* Pods-Aim.release.xcconfig */ = {isa = PBXFileReference; includeInIndex = 1; lastKnownFileType = text.xcconfig; name = "Pods-Aim.release.xcconfig"; path = "Pods/Target Support Files/Pods-Aim/Pods-Aim.release.xcconfig"; sourceTree = "<group>"; };
		437233DF579BF0DC59A32002 /* Pods-AimTests.release.xcconfig */ = {isa = PBXFileReference; includeInIndex = 1; lastKnownFileType = text.xcconfig; name = "Pods-AimTests.release.xcconfig"; path = "Pods/Target Support Files/Pods-AimTests/Pods-AimTests.release.xcconfig"; sourceTree = "<group>"; };
		6891AA88377BA611DD72E64F /* Pods-AimTests.debug.xcconfig */ = {isa = PBXFileReference; includeInIndex = 1; lastKnownFileType = text.xcconfig; name = "Pods-AimTests.debug.xcconfig"; path = "Pods/Target Support Files/Pods-AimTests/Pods-AimTests.debug.xcconfig"; sourceTree = "<group>"; };
		744C3FB315EF8685BFFC065D /* Pods_AimUITests.framework */ = {isa = PBXFileReference; explicitFileType = wrapper.framework; includeInIndex = 0; path = Pods_AimUITests.framework; sourceTree = BUILT_PRODUCTS_DIR; };
		9682D75A170B94DBD19815B9 /* Pods-AimUITests.release.xcconfig */ = {isa = PBXFileReference; includeInIndex = 1; lastKnownFileType = text.xcconfig; name = "Pods-AimUITests.release.xcconfig"; path = "Pods/Target Support Files/Pods-AimUITests/Pods-AimUITests.release.xcconfig"; sourceTree = "<group>"; };
		AC025B6D9E9D05C322C0AB15 /* Pods_Aim.framework */ = {isa = PBXFileReference; explicitFileType = wrapper.framework; includeInIndex = 0; path = Pods_Aim.framework; sourceTree = BUILT_PRODUCTS_DIR; };
		C5023DDE22B77B5100428294 /* Base */ = {isa = PBXFileReference; lastKnownFileType = file.storyboard; name = Base; path = "Aim/Storyboards/Base.lproj/Create Habit.storyboard"; sourceTree = SOURCE_ROOT; };
		C516CE5322674596000F6028 /* CALayerAnimations.swift */ = {isa = PBXFileReference; lastKnownFileType = sourcecode.swift; path = CALayerAnimations.swift; sourceTree = "<group>"; };
		C51E5D7B22B7801700C546F3 /* Base */ = {isa = PBXFileReference; lastKnownFileType = file.storyboard; name = Base; path = Aim/Storyboards/Base.lproj/DetailedHabit.storyboard; sourceTree = SOURCE_ROOT; };
		C51E5D7D22B789C000C546F3 /* AppInfoTableViewCell.swift */ = {isa = PBXFileReference; lastKnownFileType = sourcecode.swift; path = AppInfoTableViewCell.swift; sourceTree = "<group>"; };
		C520CD5D22B56C1C00049B52 /* SettingsViewController.swift */ = {isa = PBXFileReference; lastKnownFileType = sourcecode.swift; path = SettingsViewController.swift; sourceTree = "<group>"; };
		C520CD5F22B6CD9300049B52 /* UIImage.swift */ = {isa = PBXFileReference; lastKnownFileType = sourcecode.swift; path = UIImage.swift; sourceTree = "<group>"; };
		C5238F57211AA95E00AD8949 /* Bubble Launch Screen.storyboard */ = {isa = PBXFileReference; lastKnownFileType = file.storyboard; path = "Bubble Launch Screen.storyboard"; sourceTree = "<group>"; };
		C5238F59211B5EE300AD8949 /* Onboarding.storyboard */ = {isa = PBXFileReference; lastKnownFileType = file.storyboard; path = Onboarding.storyboard; sourceTree = "<group>"; };
		C5238F5B211B5F2000AD8949 /* Storyboard.swift */ = {isa = PBXFileReference; lastKnownFileType = sourcecode.swift; path = Storyboard.swift; sourceTree = "<group>"; };
		C52C521821316ADA009EA9D6 /* GoogleService-Info.plist */ = {isa = PBXFileReference; fileEncoding = 4; lastKnownFileType = text.plist.xml; path = "GoogleService-Info.plist"; sourceTree = "<group>"; };
		C52C521B21316F85009EA9D6 /* AnalyticsService.swift */ = {isa = PBXFileReference; lastKnownFileType = sourcecode.swift; path = AnalyticsService.swift; sourceTree = "<group>"; };
		C5362FFF2105ACFD007DFC7A /* Aim.app */ = {isa = PBXFileReference; explicitFileType = wrapper.application; includeInIndex = 0; path = Aim.app; sourceTree = BUILT_PRODUCTS_DIR; };
		C53630022105ACFD007DFC7A /* AppDelegate.swift */ = {isa = PBXFileReference; lastKnownFileType = sourcecode.swift; path = AppDelegate.swift; sourceTree = "<group>"; };
		C53630072105ACFD007DFC7A /* Base */ = {isa = PBXFileReference; lastKnownFileType = file.storyboard; name = Base; path = Base.lproj/Main.storyboard; sourceTree = "<group>"; };
		C536300A2105ACFD007DFC7A /* Aim.xcdatamodel */ = {isa = PBXFileReference; lastKnownFileType = wrapper.xcdatamodel; path = Aim.xcdatamodel; sourceTree = "<group>"; };
		C536300C2105ACFE007DFC7A /* Assets.xcassets */ = {isa = PBXFileReference; lastKnownFileType = folder.assetcatalog; path = Assets.xcassets; sourceTree = "<group>"; };
		C53630112105ACFE007DFC7A /* Info.plist */ = {isa = PBXFileReference; lastKnownFileType = text.plist.xml; path = Info.plist; sourceTree = "<group>"; };
		C53630162105ACFE007DFC7A /* AimTests.xctest */ = {isa = PBXFileReference; explicitFileType = wrapper.cfbundle; includeInIndex = 0; path = AimTests.xctest; sourceTree = BUILT_PRODUCTS_DIR; };
		C536301A2105ACFE007DFC7A /* AimTests.swift */ = {isa = PBXFileReference; lastKnownFileType = sourcecode.swift; path = AimTests.swift; sourceTree = "<group>"; };
		C536301C2105ACFE007DFC7A /* Info.plist */ = {isa = PBXFileReference; lastKnownFileType = text.plist.xml; path = Info.plist; sourceTree = "<group>"; };
		C53630212105ACFE007DFC7A /* AimUITests.xctest */ = {isa = PBXFileReference; explicitFileType = wrapper.cfbundle; includeInIndex = 0; path = AimUITests.xctest; sourceTree = BUILT_PRODUCTS_DIR; };
		C53630252105ACFE007DFC7A /* AimUITests.swift */ = {isa = PBXFileReference; lastKnownFileType = sourcecode.swift; path = AimUITests.swift; sourceTree = "<group>"; };
		C53630272105ACFE007DFC7A /* Info.plist */ = {isa = PBXFileReference; lastKnownFileType = text.plist.xml; path = Info.plist; sourceTree = "<group>"; };
		C53630332106B74C007DFC7A /* HabitsScene.swift */ = {isa = PBXFileReference; lastKnownFileType = sourcecode.swift; path = HabitsScene.swift; sourceTree = "<group>"; };
		C53630352106D7A9007DFC7A /* HabitsViewController.swift */ = {isa = PBXFileReference; lastKnownFileType = sourcecode.swift; path = HabitsViewController.swift; sourceTree = "<group>"; };
		C57AF4D922B15889004A8971 /* String.swift */ = {isa = PBXFileReference; lastKnownFileType = sourcecode.swift; path = String.swift; sourceTree = "<group>"; };
		C57AF4DB22B158AE004A8971 /* Int.swift */ = {isa = PBXFileReference; lastKnownFileType = sourcecode.swift; path = Int.swift; sourceTree = "<group>"; };
		C57AF4DE22B1872B004A8971 /* CGRect.swift */ = {isa = PBXFileReference; lastKnownFileType = sourcecode.swift; path = CGRect.swift; sourceTree = "<group>"; };
		C57D579322B0130900E28AB3 /* UINavigationBar.swift */ = {isa = PBXFileReference; lastKnownFileType = sourcecode.swift; path = UINavigationBar.swift; sourceTree = "<group>"; };
		C594D13D2119FDB3000F5D35 /* OnboardindViewController.swift */ = {isa = PBXFileReference; lastKnownFileType = sourcecode.swift; path = OnboardindViewController.swift; sourceTree = "<group>"; };
		C594D13F211A00F5000F5D35 /* Bulletin.swift */ = {isa = PBXFileReference; lastKnownFileType = sourcecode.swift; path = Bulletin.swift; sourceTree = "<group>"; };
		C594D141211A4731000F5D35 /* SettingsTableViewController.swift */ = {isa = PBXFileReference; lastKnownFileType = sourcecode.swift; path = SettingsTableViewController.swift; sourceTree = "<group>"; };
		C5985B002110D3BE000520F0 /* SKHabitNode.swift */ = {isa = PBXFileReference; lastKnownFileType = sourcecode.swift; path = SKHabitNode.swift; sourceTree = "<group>"; };
		C5A35183210A385200A717D3 /* CGPoint.swift */ = {isa = PBXFileReference; lastKnownFileType = sourcecode.swift; path = CGPoint.swift; sourceTree = "<group>"; };
		C5A35185210A663B00A717D3 /* CoreData.swift */ = {isa = PBXFileReference; lastKnownFileType = sourcecode.swift; path = CoreData.swift; sourceTree = "<group>"; };
		C5A35187210A6BE800A717D3 /* Habit.swift */ = {isa = PBXFileReference; lastKnownFileType = sourcecode.swift; path = Habit.swift; sourceTree = "<group>"; };
		C5AF7C8421091C2D000893D2 /* CircularTransition.swift */ = {isa = PBXFileReference; lastKnownFileType = sourcecode.swift; path = CircularTransition.swift; sourceTree = "<group>"; };
		C5B0CB9A2112D15B004C1B55 /* Log+CoreDataClass.swift */ = {isa = PBXFileReference; lastKnownFileType = sourcecode.swift; path = "Log+CoreDataClass.swift"; sourceTree = "<group>"; };
		C5B0CB9B2112D15B004C1B55 /* Log+CoreDataProperties.swift */ = {isa = PBXFileReference; lastKnownFileType = sourcecode.swift; path = "Log+CoreDataProperties.swift"; sourceTree = "<group>"; };
		C5B0CB9C2112D15B004C1B55 /* Habit+CoreDataClass.swift */ = {isa = PBXFileReference; lastKnownFileType = sourcecode.swift; path = "Habit+CoreDataClass.swift"; sourceTree = "<group>"; };
		C5B0CB9D2112D15B004C1B55 /* Habit+CoreDataProperties.swift */ = {isa = PBXFileReference; lastKnownFileType = sourcecode.swift; path = "Habit+CoreDataProperties.swift"; sourceTree = "<group>"; };
		C5B0CBA221137742004C1B55 /* DetailedHabitViewController.swift */ = {isa = PBXFileReference; lastKnownFileType = sourcecode.swift; path = DetailedHabitViewController.swift; sourceTree = "<group>"; };
		C5B5839721137825006E25B6 /* DateCell.swift */ = {isa = PBXFileReference; lastKnownFileType = sourcecode.swift; path = DateCell.swift; sourceTree = "<group>"; };
		C5B5839921139A0F006E25B6 /* Date.swift */ = {isa = PBXFileReference; lastKnownFileType = sourcecode.swift; path = Date.swift; sourceTree = "<group>"; };
		C5F7B7402109428F0094A09E /* CreateHabitViewController.swift */ = {isa = PBXFileReference; lastKnownFileType = sourcecode.swift; path = CreateHabitViewController.swift; sourceTree = "<group>"; };
		C5F7B74221095E360094A09E /* ColorPicker.swift */ = {isa = PBXFileReference; lastKnownFileType = sourcecode.swift; path = ColorPicker.swift; sourceTree = "<group>"; };
		C5F7B7442109605B0094A09E /* Constants.swift */ = {isa = PBXFileReference; lastKnownFileType = sourcecode.swift; path = Constants.swift; sourceTree = "<group>"; };
		C5F7B746210985900094A09E /* UIColor.swift */ = {isa = PBXFileReference; lastKnownFileType = sourcecode.swift; path = UIColor.swift; sourceTree = "<group>"; };
		C5F7B74821098A7C0094A09E /* UIButton.swift */ = {isa = PBXFileReference; lastKnownFileType = sourcecode.swift; path = UIButton.swift; sourceTree = "<group>"; };
		C5F7B74A210A2EBA0094A09E /* UIView.swift */ = {isa = PBXFileReference; lastKnownFileType = sourcecode.swift; path = UIView.swift; sourceTree = "<group>"; };
		D9B2B16ACE0050B3AAF6C284 /* Pods_AimTests.framework */ = {isa = PBXFileReference; explicitFileType = wrapper.framework; includeInIndex = 0; path = Pods_AimTests.framework; sourceTree = BUILT_PRODUCTS_DIR; };
		F316D1B570D21A5AE5F35914 /* Pods-Aim.debug.xcconfig */ = {isa = PBXFileReference; includeInIndex = 1; lastKnownFileType = text.xcconfig; name = "Pods-Aim.debug.xcconfig"; path = "Pods/Target Support Files/Pods-Aim/Pods-Aim.debug.xcconfig"; sourceTree = "<group>"; };
/* End PBXFileReference section */

/* Begin PBXFrameworksBuildPhase section */
		C5362FFC2105ACFD007DFC7A /* Frameworks */ = {
			isa = PBXFrameworksBuildPhase;
			buildActionMask = 2147483647;
			files = (
				276F418D792FF14703088F13 /* Pods_Aim.framework in Frameworks */,
			);
			runOnlyForDeploymentPostprocessing = 0;
		};
		C53630132105ACFE007DFC7A /* Frameworks */ = {
			isa = PBXFrameworksBuildPhase;
			buildActionMask = 2147483647;
			files = (
				1050B2A11E056E3F98F72C5B /* Pods_AimTests.framework in Frameworks */,
			);
			runOnlyForDeploymentPostprocessing = 0;
		};
		C536301E2105ACFE007DFC7A /* Frameworks */ = {
			isa = PBXFrameworksBuildPhase;
			buildActionMask = 2147483647;
			files = (
				42AFA65D398C4E188F699635 /* Pods_AimUITests.framework in Frameworks */,
			);
			runOnlyForDeploymentPostprocessing = 0;
		};
/* End PBXFrameworksBuildPhase section */

/* Begin PBXGroup section */
		52785506ACE5287670CD460D /* Frameworks */ = {
			isa = PBXGroup;
			children = (
				AC025B6D9E9D05C322C0AB15 /* Pods_Aim.framework */,
				D9B2B16ACE0050B3AAF6C284 /* Pods_AimTests.framework */,
				744C3FB315EF8685BFFC065D /* Pods_AimUITests.framework */,
			);
			name = Frameworks;
			sourceTree = "<group>";
		};
		C5023DE022B77D7600428294 /* LaunchScreen */ = {
			isa = PBXGroup;
			children = (
				C5238F57211AA95E00AD8949 /* Bubble Launch Screen.storyboard */,
			);
			path = LaunchScreen;
			sourceTree = "<group>";
		};
		C52C521A21316F61009EA9D6 /* Services */ = {
			isa = PBXGroup;
			children = (
				C52C521B21316F85009EA9D6 /* AnalyticsService.swift */,
			);
			path = Services;
			sourceTree = "<group>";
		};
		C5362FF62105ACFD007DFC7A = {
			isa = PBXGroup;
			children = (
				C53630012105ACFD007DFC7A /* Aim */,
				C53630192105ACFE007DFC7A /* AimTests */,
				C53630242105ACFE007DFC7A /* AimUITests */,
				C53630002105ACFD007DFC7A /* Products */,
				FAD5E5456A19DC57FA14E2AA /* Pods */,
				52785506ACE5287670CD460D /* Frameworks */,
			);
			sourceTree = "<group>";
		};
		C53630002105ACFD007DFC7A /* Products */ = {
			isa = PBXGroup;
			children = (
				C5362FFF2105ACFD007DFC7A /* Aim.app */,
				C53630162105ACFE007DFC7A /* AimTests.xctest */,
				C53630212105ACFE007DFC7A /* AimUITests.xctest */,
			);
			name = Products;
			sourceTree = "<group>";
		};
		C53630012105ACFD007DFC7A /* Aim */ = {
			isa = PBXGroup;
			children = (
				C5023DE022B77D7600428294 /* LaunchScreen */,
				C5916A7422B6DADB00E1FA2E /* Onboarding */,
				C5916A7122B6DA6D00E1FA2E /* Home */,
				C5916A7222B6DA9900E1FA2E /* Create Habit */,
				C5916A7322B6DAB600E1FA2E /* Detailed Habit */,
				C5916A7522B6DAE200E1FA2E /* Settings */,
				C5A367D82109193000728525 /* Model */,
				C5A367DB2109195400728525 /* Storyboards */,
				C52C521A21316F61009EA9D6 /* Services */,
				C5A367DC2109195D00728525 /* Helper */,
				C5A367DD2109196200728525 /* Extensions */,
				C5A367DE2109196C00728525 /* Supporting Files */,
				C536300C2105ACFE007DFC7A /* Assets.xcassets */,
			);
			path = Aim;
			sourceTree = "<group>";
		};
		C53630192105ACFE007DFC7A /* AimTests */ = {
			isa = PBXGroup;
			children = (
				C536301A2105ACFE007DFC7A /* AimTests.swift */,
				C536301C2105ACFE007DFC7A /* Info.plist */,
			);
			path = AimTests;
			sourceTree = "<group>";
		};
		C53630242105ACFE007DFC7A /* AimUITests */ = {
			isa = PBXGroup;
			children = (
				C53630252105ACFE007DFC7A /* AimUITests.swift */,
				C53630272105ACFE007DFC7A /* Info.plist */,
			);
			path = AimUITests;
			sourceTree = "<group>";
		};
		C57AF4DD22B18705004A8971 /* UIKit */ = {
			isa = PBXGroup;
			children = (
				C5F7B746210985900094A09E /* UIColor.swift */,
				C57D579322B0130900E28AB3 /* UINavigationBar.swift */,
				C5F7B74821098A7C0094A09E /* UIButton.swift */,
				C5F7B74A210A2EBA0094A09E /* UIView.swift */,
				C520CD5F22B6CD9300049B52 /* UIImage.swift */,
			);
			path = UIKit;
			sourceTree = "<group>";
		};
		C57AF4E022B18732004A8971 /* Core Graphics */ = {
			isa = PBXGroup;
			children = (
				C5A35183210A385200A717D3 /* CGPoint.swift */,
				C57AF4DE22B1872B004A8971 /* CGRect.swift */,
			);
			path = "Core Graphics";
			sourceTree = "<group>";
		};
		C5916A7122B6DA6D00E1FA2E /* Home */ = {
			isa = PBXGroup;
			children = (
				C53630352106D7A9007DFC7A /* HabitsViewController.swift */,
				C5985B002110D3BE000520F0 /* SKHabitNode.swift */,
				C53630332106B74C007DFC7A /* HabitsScene.swift */,
			);
			path = Home;
			sourceTree = "<group>";
		};
		C5916A7222B6DA9900E1FA2E /* Create Habit */ = {
			isa = PBXGroup;
			children = (
				C5023DDD22B77B5100428294 /* Create Habit.storyboard */,
				C5F7B7402109428F0094A09E /* CreateHabitViewController.swift */,
				C5F7B74221095E360094A09E /* ColorPicker.swift */,
			);
			path = "Create Habit";
			sourceTree = "<group>";
		};
		C5916A7322B6DAB600E1FA2E /* Detailed Habit */ = {
			isa = PBXGroup;
			children = (
				C51E5D7A22B7801700C546F3 /* DetailedHabit.storyboard */,
				C5B0CBA221137742004C1B55 /* DetailedHabitViewController.swift */,
				C5B5839721137825006E25B6 /* DateCell.swift */,
			);
			path = "Detailed Habit";
			sourceTree = "<group>";
		};
		C5916A7422B6DADB00E1FA2E /* Onboarding */ = {
			isa = PBXGroup;
			children = (
				C5238F59211B5EE300AD8949 /* Onboarding.storyboard */,
				C594D13D2119FDB3000F5D35 /* OnboardindViewController.swift */,
				C594D13F211A00F5000F5D35 /* Bulletin.swift */,
			);
			path = Onboarding;
			sourceTree = "<group>";
		};
		C5916A7522B6DAE200E1FA2E /* Settings */ = {
			isa = PBXGroup;
			children = (
				C594D141211A4731000F5D35 /* SettingsTableViewController.swift */,
				C520CD5D22B56C1C00049B52 /* SettingsViewController.swift */,
				C51E5D7D22B789C000C546F3 /* AppInfoTableViewCell.swift */,
			);
			path = Settings;
			sourceTree = "<group>";
		};
		C5A367D82109193000728525 /* Model */ = {
			isa = PBXGroup;
			children = (
				C5B0CB9A2112D15B004C1B55 /* Log+CoreDataClass.swift */,
				C5B0CB9B2112D15B004C1B55 /* Log+CoreDataProperties.swift */,
				C5B0CB9C2112D15B004C1B55 /* Habit+CoreDataClass.swift */,
				C5B0CB9D2112D15B004C1B55 /* Habit+CoreDataProperties.swift */,
				C53630092105ACFD007DFC7A /* Aim.xcdatamodeld */,
			);
			path = Model;
			sourceTree = "<group>";
		};
		C5A367DB2109195400728525 /* Storyboards */ = {
			isa = PBXGroup;
			children = (
				C53630062105ACFD007DFC7A /* Main.storyboard */,
			);
			path = Storyboards;
			sourceTree = "<group>";
		};
		C5A367DC2109195D00728525 /* Helper */ = {
			isa = PBXGroup;
			children = (
				C5AF7C8421091C2D000893D2 /* CircularTransition.swift */,
				C5F7B7442109605B0094A09E /* Constants.swift */,
				C5A35185210A663B00A717D3 /* CoreData.swift */,
			);
			path = Helper;
			sourceTree = "<group>";
		};
		C5A367DD2109196200728525 /* Extensions */ = {
			isa = PBXGroup;
			children = (
				C57AF4DD22B18705004A8971 /* UIKit */,
				C57AF4E022B18732004A8971 /* Core Graphics */,
				C5A35187210A6BE800A717D3 /* Habit.swift */,
				C5B5839921139A0F006E25B6 /* Date.swift */,
				C5238F5B211B5F2000AD8949 /* Storyboard.swift */,
				C516CE5322674596000F6028 /* CALayerAnimations.swift */,
				C57AF4D922B15889004A8971 /* String.swift */,
				C57AF4DB22B158AE004A8971 /* Int.swift */,
			);
			path = Extensions;
			sourceTree = "<group>";
		};
		C5A367DE2109196C00728525 /* Supporting Files */ = {
			isa = PBXGroup;
			children = (
				C53630022105ACFD007DFC7A /* AppDelegate.swift */,
				C52C521821316ADA009EA9D6 /* GoogleService-Info.plist */,
				C53630112105ACFE007DFC7A /* Info.plist */,
			);
			path = "Supporting Files";
			sourceTree = "<group>";
		};
		FAD5E5456A19DC57FA14E2AA /* Pods */ = {
			isa = PBXGroup;
			children = (
				F316D1B570D21A5AE5F35914 /* Pods-Aim.debug.xcconfig */,
				2F1150228F20D090AAE5622F /* Pods-Aim.release.xcconfig */,
				6891AA88377BA611DD72E64F /* Pods-AimTests.debug.xcconfig */,
				437233DF579BF0DC59A32002 /* Pods-AimTests.release.xcconfig */,
				1EBF28622EC97DBA11875FD6 /* Pods-AimUITests.debug.xcconfig */,
				9682D75A170B94DBD19815B9 /* Pods-AimUITests.release.xcconfig */,
			);
			name = Pods;
			sourceTree = "<group>";
		};
/* End PBXGroup section */

/* Begin PBXNativeTarget section */
		C5362FFE2105ACFD007DFC7A /* Aim */ = {
			isa = PBXNativeTarget;
			buildConfigurationList = C536302A2105ACFE007DFC7A /* Build configuration list for PBXNativeTarget "Aim" */;
			buildPhases = (
				0315B0E5301D85E7BFA39A32 /* [CP] Check Pods Manifest.lock */,
				C5362FFB2105ACFD007DFC7A /* Sources */,
				C5362FFC2105ACFD007DFC7A /* Frameworks */,
				C5362FFD2105ACFD007DFC7A /* Resources */,
				1389E1DD1B82DC288C787204 /* [CP] Embed Pods Frameworks */,
			);
			buildRules = (
			);
			dependencies = (
			);
			name = Aim;
			productName = Aim;
			productReference = C5362FFF2105ACFD007DFC7A /* Aim.app */;
			productType = "com.apple.product-type.application";
		};
		C53630152105ACFE007DFC7A /* AimTests */ = {
			isa = PBXNativeTarget;
			buildConfigurationList = C536302D2105ACFE007DFC7A /* Build configuration list for PBXNativeTarget "AimTests" */;
			buildPhases = (
				6F09E3DAC2C2E21B16FED765 /* [CP] Check Pods Manifest.lock */,
				C53630122105ACFE007DFC7A /* Sources */,
				C53630132105ACFE007DFC7A /* Frameworks */,
				C53630142105ACFE007DFC7A /* Resources */,
			);
			buildRules = (
			);
			dependencies = (
				C53630182105ACFE007DFC7A /* PBXTargetDependency */,
			);
			name = AimTests;
			productName = AimTests;
			productReference = C53630162105ACFE007DFC7A /* AimTests.xctest */;
			productType = "com.apple.product-type.bundle.unit-test";
		};
		C53630202105ACFE007DFC7A /* AimUITests */ = {
			isa = PBXNativeTarget;
			buildConfigurationList = C53630302105ACFE007DFC7A /* Build configuration list for PBXNativeTarget "AimUITests" */;
			buildPhases = (
				4B4B3F7972016D159AD40A70 /* [CP] Check Pods Manifest.lock */,
				C536301D2105ACFE007DFC7A /* Sources */,
				C536301E2105ACFE007DFC7A /* Frameworks */,
				C536301F2105ACFE007DFC7A /* Resources */,
			);
			buildRules = (
			);
			dependencies = (
				C53630232105ACFE007DFC7A /* PBXTargetDependency */,
			);
			name = AimUITests;
			productName = AimUITests;
			productReference = C53630212105ACFE007DFC7A /* AimUITests.xctest */;
			productType = "com.apple.product-type.bundle.ui-testing";
		};
/* End PBXNativeTarget section */

/* Begin PBXProject section */
		C5362FF72105ACFD007DFC7A /* Project object */ = {
			isa = PBXProject;
			attributes = {
				LastSwiftUpdateCheck = 0940;
				LastUpgradeCheck = 0940;
				ORGANIZATIONNAME = "Alexandru Turcanu";
				TargetAttributes = {
					C5362FFE2105ACFD007DFC7A = {
						CreatedOnToolsVersion = 9.4.1;
						LastSwiftMigration = 1020;
					};
					C53630152105ACFE007DFC7A = {
						CreatedOnToolsVersion = 9.4.1;
						TestTargetID = C5362FFE2105ACFD007DFC7A;
					};
					C53630202105ACFE007DFC7A = {
						CreatedOnToolsVersion = 9.4.1;
						TestTargetID = C5362FFE2105ACFD007DFC7A;
					};
				};
			};
			buildConfigurationList = C5362FFA2105ACFD007DFC7A /* Build configuration list for PBXProject "Aim" */;
			compatibilityVersion = "Xcode 9.3";
			developmentRegion = en;
			hasScannedForEncodings = 0;
			knownRegions = (
				en,
				Base,
			);
			mainGroup = C5362FF62105ACFD007DFC7A;
			productRefGroup = C53630002105ACFD007DFC7A /* Products */;
			projectDirPath = "";
			projectRoot = "";
			targets = (
				C5362FFE2105ACFD007DFC7A /* Aim */,
				C53630152105ACFE007DFC7A /* AimTests */,
				C53630202105ACFE007DFC7A /* AimUITests */,
			);
		};
/* End PBXProject section */

/* Begin PBXResourcesBuildPhase section */
		C5362FFD2105ACFD007DFC7A /* Resources */ = {
			isa = PBXResourcesBuildPhase;
			buildActionMask = 2147483647;
			files = (
				C5238F58211AA95E00AD8949 /* Bubble Launch Screen.storyboard in Resources */,
				C536300D2105ACFE007DFC7A /* Assets.xcassets in Resources */,
				C52C521921316ADA009EA9D6 /* GoogleService-Info.plist in Resources */,
				C53630082105ACFD007DFC7A /* Main.storyboard in Resources */,
				C51E5D7C22B7801700C546F3 /* DetailedHabit.storyboard in Resources */,
				C5023DDF22B77B5100428294 /* Create Habit.storyboard in Resources */,
				C5238F5A211B5EE300AD8949 /* Onboarding.storyboard in Resources */,
			);
			runOnlyForDeploymentPostprocessing = 0;
		};
		C53630142105ACFE007DFC7A /* Resources */ = {
			isa = PBXResourcesBuildPhase;
			buildActionMask = 2147483647;
			files = (
			);
			runOnlyForDeploymentPostprocessing = 0;
		};
		C536301F2105ACFE007DFC7A /* Resources */ = {
			isa = PBXResourcesBuildPhase;
			buildActionMask = 2147483647;
			files = (
			);
			runOnlyForDeploymentPostprocessing = 0;
		};
/* End PBXResourcesBuildPhase section */

/* Begin PBXShellScriptBuildPhase section */
		0315B0E5301D85E7BFA39A32 /* [CP] Check Pods Manifest.lock */ = {
			isa = PBXShellScriptBuildPhase;
			buildActionMask = 2147483647;
			files = (
			);
			inputPaths = (
				"${PODS_PODFILE_DIR_PATH}/Podfile.lock",
				"${PODS_ROOT}/Manifest.lock",
			);
			name = "[CP] Check Pods Manifest.lock";
			outputPaths = (
				"$(DERIVED_FILE_DIR)/Pods-Aim-checkManifestLockResult.txt",
			);
			runOnlyForDeploymentPostprocessing = 0;
			shellPath = /bin/sh;
			shellScript = "diff \"${PODS_PODFILE_DIR_PATH}/Podfile.lock\" \"${PODS_ROOT}/Manifest.lock\" > /dev/null\nif [ $? != 0 ] ; then\n    # print error to STDERR\n    echo \"error: The sandbox is not in sync with the Podfile.lock. Run 'pod install' or update your CocoaPods installation.\" >&2\n    exit 1\nfi\n# This output is used by Xcode 'outputs' to avoid re-running this script phase.\necho \"SUCCESS\" > \"${SCRIPT_OUTPUT_FILE_0}\"\n";
			showEnvVarsInLog = 0;
		};
		1389E1DD1B82DC288C787204 /* [CP] Embed Pods Frameworks */ = {
			isa = PBXShellScriptBuildPhase;
			buildActionMask = 2147483647;
			files = (
			);
			inputPaths = (
				"${SRCROOT}/Pods/Target Support Files/Pods-Aim/Pods-Aim-frameworks.sh",
				"${BUILT_PRODUCTS_DIR}/BulletinBoard/BLTNBoard.framework",
				"${BUILT_PRODUCTS_DIR}/GoogleToolboxForMac/GoogleToolboxForMac.framework",
				"${BUILT_PRODUCTS_DIR}/JTAppleCalendar/JTAppleCalendar.framework",
				"${BUILT_PRODUCTS_DIR}/SACountingLabel/SACountingLabel.framework",
				"${BUILT_PRODUCTS_DIR}/TapticEngine/TapticEngine.framework",
				"${BUILT_PRODUCTS_DIR}/nanopb/nanopb.framework",
			);
			name = "[CP] Embed Pods Frameworks";
			outputPaths = (
				"${TARGET_BUILD_DIR}/${FRAMEWORKS_FOLDER_PATH}/BLTNBoard.framework",
				"${TARGET_BUILD_DIR}/${FRAMEWORKS_FOLDER_PATH}/GoogleToolboxForMac.framework",
				"${TARGET_BUILD_DIR}/${FRAMEWORKS_FOLDER_PATH}/JTAppleCalendar.framework",
				"${TARGET_BUILD_DIR}/${FRAMEWORKS_FOLDER_PATH}/SACountingLabel.framework",
				"${TARGET_BUILD_DIR}/${FRAMEWORKS_FOLDER_PATH}/TapticEngine.framework",
				"${TARGET_BUILD_DIR}/${FRAMEWORKS_FOLDER_PATH}/nanopb.framework",
			);
			runOnlyForDeploymentPostprocessing = 0;
			shellPath = /bin/sh;
			shellScript = "\"${SRCROOT}/Pods/Target Support Files/Pods-Aim/Pods-Aim-frameworks.sh\"\n";
			showEnvVarsInLog = 0;
		};
		4B4B3F7972016D159AD40A70 /* [CP] Check Pods Manifest.lock */ = {
			isa = PBXShellScriptBuildPhase;
			buildActionMask = 2147483647;
			files = (
			);
			inputPaths = (
				"${PODS_PODFILE_DIR_PATH}/Podfile.lock",
				"${PODS_ROOT}/Manifest.lock",
			);
			name = "[CP] Check Pods Manifest.lock";
			outputPaths = (
				"$(DERIVED_FILE_DIR)/Pods-AimUITests-checkManifestLockResult.txt",
			);
			runOnlyForDeploymentPostprocessing = 0;
			shellPath = /bin/sh;
			shellScript = "diff \"${PODS_PODFILE_DIR_PATH}/Podfile.lock\" \"${PODS_ROOT}/Manifest.lock\" > /dev/null\nif [ $? != 0 ] ; then\n    # print error to STDERR\n    echo \"error: The sandbox is not in sync with the Podfile.lock. Run 'pod install' or update your CocoaPods installation.\" >&2\n    exit 1\nfi\n# This output is used by Xcode 'outputs' to avoid re-running this script phase.\necho \"SUCCESS\" > \"${SCRIPT_OUTPUT_FILE_0}\"\n";
			showEnvVarsInLog = 0;
		};
		6F09E3DAC2C2E21B16FED765 /* [CP] Check Pods Manifest.lock */ = {
			isa = PBXShellScriptBuildPhase;
			buildActionMask = 2147483647;
			files = (
			);
			inputPaths = (
				"${PODS_PODFILE_DIR_PATH}/Podfile.lock",
				"${PODS_ROOT}/Manifest.lock",
			);
			name = "[CP] Check Pods Manifest.lock";
			outputPaths = (
				"$(DERIVED_FILE_DIR)/Pods-AimTests-checkManifestLockResult.txt",
			);
			runOnlyForDeploymentPostprocessing = 0;
			shellPath = /bin/sh;
			shellScript = "diff \"${PODS_PODFILE_DIR_PATH}/Podfile.lock\" \"${PODS_ROOT}/Manifest.lock\" > /dev/null\nif [ $? != 0 ] ; then\n    # print error to STDERR\n    echo \"error: The sandbox is not in sync with the Podfile.lock. Run 'pod install' or update your CocoaPods installation.\" >&2\n    exit 1\nfi\n# This output is used by Xcode 'outputs' to avoid re-running this script phase.\necho \"SUCCESS\" > \"${SCRIPT_OUTPUT_FILE_0}\"\n";
			showEnvVarsInLog = 0;
		};
/* End PBXShellScriptBuildPhase section */

/* Begin PBXSourcesBuildPhase section */
		C5362FFB2105ACFD007DFC7A /* Sources */ = {
			isa = PBXSourcesBuildPhase;
			buildActionMask = 2147483647;
			files = (
				C57AF4E122B187FC004A8971 /* CGPoint.swift in Sources */,
				C594D140211A00F5000F5D35 /* Bulletin.swift in Sources */,
				C520CD5E22B56C1C00049B52 /* SettingsViewController.swift in Sources */,
				C5B5839A21139A0F006E25B6 /* Date.swift in Sources */,
				C5AF7C8521091C2D000893D2 /* CircularTransition.swift in Sources */,
				C5B5839821137825006E25B6 /* DateCell.swift in Sources */,
				C5A35186210A663B00A717D3 /* CoreData.swift in Sources */,
				C57AF4DC22B158AE004A8971 /* Int.swift in Sources */,
				C53630342106B74C007DFC7A /* HabitsScene.swift in Sources */,
				C5F7B74B210A2EBA0094A09E /* UIView.swift in Sources */,
				C5238F5C211B5F2000AD8949 /* Storyboard.swift in Sources */,
				C5B0CBA02112D15B004C1B55 /* Habit+CoreDataClass.swift in Sources */,
				C5F7B74321095E360094A09E /* ColorPicker.swift in Sources */,
				C5B0CBA321137743004C1B55 /* DetailedHabitViewController.swift in Sources */,
				C57AF4DA22B15889004A8971 /* String.swift in Sources */,
				C5B0CB9F2112D15B004C1B55 /* Log+CoreDataProperties.swift in Sources */,
				C53630032105ACFD007DFC7A /* AppDelegate.swift in Sources */,
				C5B0CB9E2112D15B004C1B55 /* Log+CoreDataClass.swift in Sources */,
				C594D142211A4731000F5D35 /* SettingsTableViewController.swift in Sources */,
				C5985B012110D3BE000520F0 /* SKHabitNode.swift in Sources */,
				C5F7B747210985900094A09E /* UIColor.swift in Sources */,
				C594D13E2119FDB3000F5D35 /* OnboardindViewController.swift in Sources */,
				C5F7B74921098A7C0094A09E /* UIButton.swift in Sources */,
				C520CD6022B6CD9300049B52 /* UIImage.swift in Sources */,
				C51E5D7E22B789C000C546F3 /* AppInfoTableViewCell.swift in Sources */,
				C5F7B7412109428F0094A09E /* CreateHabitViewController.swift in Sources */,
				C5A35188210A6BE800A717D3 /* Habit.swift in Sources */,
				C5B0CBA12112D15B004C1B55 /* Habit+CoreDataProperties.swift in Sources */,
				C53630362106D7A9007DFC7A /* HabitsViewController.swift in Sources */,
				C536300B2105ACFD007DFC7A /* Aim.xcdatamodeld in Sources */,
				C57D579422B0130A00E28AB3 /* UINavigationBar.swift in Sources */,
				C52C521C21316F85009EA9D6 /* AnalyticsService.swift in Sources */,
				C5F7B7452109605B0094A09E /* Constants.swift in Sources */,
				C516CE5422674596000F6028 /* CALayerAnimations.swift in Sources */,
				C57AF4DF22B1872B004A8971 /* CGRect.swift in Sources */,
			);
			runOnlyForDeploymentPostprocessing = 0;
		};
		C53630122105ACFE007DFC7A /* Sources */ = {
			isa = PBXSourcesBuildPhase;
			buildActionMask = 2147483647;
			files = (
				C536301B2105ACFE007DFC7A /* AimTests.swift in Sources */,
			);
			runOnlyForDeploymentPostprocessing = 0;
		};
		C536301D2105ACFE007DFC7A /* Sources */ = {
			isa = PBXSourcesBuildPhase;
			buildActionMask = 2147483647;
			files = (
				C53630262105ACFE007DFC7A /* AimUITests.swift in Sources */,
			);
			runOnlyForDeploymentPostprocessing = 0;
		};
/* End PBXSourcesBuildPhase section */

/* Begin PBXTargetDependency section */
		C53630182105ACFE007DFC7A /* PBXTargetDependency */ = {
			isa = PBXTargetDependency;
			target = C5362FFE2105ACFD007DFC7A /* Aim */;
			targetProxy = C53630172105ACFE007DFC7A /* PBXContainerItemProxy */;
		};
		C53630232105ACFE007DFC7A /* PBXTargetDependency */ = {
			isa = PBXTargetDependency;
			target = C5362FFE2105ACFD007DFC7A /* Aim */;
			targetProxy = C53630222105ACFE007DFC7A /* PBXContainerItemProxy */;
		};
/* End PBXTargetDependency section */

/* Begin PBXVariantGroup section */
		C5023DDD22B77B5100428294 /* Create Habit.storyboard */ = {
			isa = PBXVariantGroup;
			children = (
				C5023DDE22B77B5100428294 /* Base */,
			);
			name = "Create Habit.storyboard";
			sourceTree = "<group>";
		};
		C51E5D7A22B7801700C546F3 /* DetailedHabit.storyboard */ = {
			isa = PBXVariantGroup;
			children = (
				C51E5D7B22B7801700C546F3 /* Base */,
			);
			name = DetailedHabit.storyboard;
			sourceTree = "<group>";
		};
		C53630062105ACFD007DFC7A /* Main.storyboard */ = {
			isa = PBXVariantGroup;
			children = (
				C53630072105ACFD007DFC7A /* Base */,
			);
			name = Main.storyboard;
			sourceTree = "<group>";
		};
/* End PBXVariantGroup section */

/* Begin XCBuildConfiguration section */
		C53630282105ACFE007DFC7A /* Debug */ = {
			isa = XCBuildConfiguration;
			buildSettings = {
				ALWAYS_SEARCH_USER_PATHS = NO;
				CLANG_ANALYZER_NONNULL = YES;
				CLANG_ANALYZER_NUMBER_OBJECT_CONVERSION = YES_AGGRESSIVE;
				CLANG_CXX_LANGUAGE_STANDARD = "gnu++14";
				CLANG_CXX_LIBRARY = "libc++";
				CLANG_ENABLE_MODULES = YES;
				CLANG_ENABLE_OBJC_ARC = YES;
				CLANG_ENABLE_OBJC_WEAK = YES;
				CLANG_WARN_BLOCK_CAPTURE_AUTORELEASING = YES;
				CLANG_WARN_BOOL_CONVERSION = YES;
				CLANG_WARN_COMMA = YES;
				CLANG_WARN_CONSTANT_CONVERSION = YES;
				CLANG_WARN_DEPRECATED_OBJC_IMPLEMENTATIONS = YES;
				CLANG_WARN_DIRECT_OBJC_ISA_USAGE = YES_ERROR;
				CLANG_WARN_DOCUMENTATION_COMMENTS = YES;
				CLANG_WARN_EMPTY_BODY = YES;
				CLANG_WARN_ENUM_CONVERSION = YES;
				CLANG_WARN_INFINITE_RECURSION = YES;
				CLANG_WARN_INT_CONVERSION = YES;
				CLANG_WARN_NON_LITERAL_NULL_CONVERSION = YES;
				CLANG_WARN_OBJC_IMPLICIT_RETAIN_SELF = YES;
				CLANG_WARN_OBJC_LITERAL_CONVERSION = YES;
				CLANG_WARN_OBJC_ROOT_CLASS = YES_ERROR;
				CLANG_WARN_RANGE_LOOP_ANALYSIS = YES;
				CLANG_WARN_STRICT_PROTOTYPES = YES;
				CLANG_WARN_SUSPICIOUS_MOVE = YES;
				CLANG_WARN_UNGUARDED_AVAILABILITY = YES_AGGRESSIVE;
				CLANG_WARN_UNREACHABLE_CODE = YES;
				CLANG_WARN__DUPLICATE_METHOD_MATCH = YES;
				CODE_SIGN_IDENTITY = "iPhone Developer";
				COPY_PHASE_STRIP = NO;
				DEBUG_INFORMATION_FORMAT = dwarf;
				ENABLE_STRICT_OBJC_MSGSEND = YES;
				ENABLE_TESTABILITY = YES;
				GCC_C_LANGUAGE_STANDARD = gnu11;
				GCC_DYNAMIC_NO_PIC = NO;
				GCC_NO_COMMON_BLOCKS = YES;
				GCC_OPTIMIZATION_LEVEL = 0;
				GCC_PREPROCESSOR_DEFINITIONS = (
					"DEBUG=1",
					"$(inherited)",
				);
				GCC_WARN_64_TO_32_BIT_CONVERSION = YES;
				GCC_WARN_ABOUT_RETURN_TYPE = YES_ERROR;
				GCC_WARN_UNDECLARED_SELECTOR = YES;
				GCC_WARN_UNINITIALIZED_AUTOS = YES_AGGRESSIVE;
				GCC_WARN_UNUSED_FUNCTION = YES;
				GCC_WARN_UNUSED_VARIABLE = YES;
				IPHONEOS_DEPLOYMENT_TARGET = 11.4;
				MTL_ENABLE_DEBUG_INFO = YES;
				ONLY_ACTIVE_ARCH = YES;
				SDKROOT = iphoneos;
				SWIFT_ACTIVE_COMPILATION_CONDITIONS = DEBUG;
				SWIFT_OPTIMIZATION_LEVEL = "-Onone";
			};
			name = Debug;
		};
		C53630292105ACFE007DFC7A /* Release */ = {
			isa = XCBuildConfiguration;
			buildSettings = {
				ALWAYS_SEARCH_USER_PATHS = NO;
				CLANG_ANALYZER_NONNULL = YES;
				CLANG_ANALYZER_NUMBER_OBJECT_CONVERSION = YES_AGGRESSIVE;
				CLANG_CXX_LANGUAGE_STANDARD = "gnu++14";
				CLANG_CXX_LIBRARY = "libc++";
				CLANG_ENABLE_MODULES = YES;
				CLANG_ENABLE_OBJC_ARC = YES;
				CLANG_ENABLE_OBJC_WEAK = YES;
				CLANG_WARN_BLOCK_CAPTURE_AUTORELEASING = YES;
				CLANG_WARN_BOOL_CONVERSION = YES;
				CLANG_WARN_COMMA = YES;
				CLANG_WARN_CONSTANT_CONVERSION = YES;
				CLANG_WARN_DEPRECATED_OBJC_IMPLEMENTATIONS = YES;
				CLANG_WARN_DIRECT_OBJC_ISA_USAGE = YES_ERROR;
				CLANG_WARN_DOCUMENTATION_COMMENTS = YES;
				CLANG_WARN_EMPTY_BODY = YES;
				CLANG_WARN_ENUM_CONVERSION = YES;
				CLANG_WARN_INFINITE_RECURSION = YES;
				CLANG_WARN_INT_CONVERSION = YES;
				CLANG_WARN_NON_LITERAL_NULL_CONVERSION = YES;
				CLANG_WARN_OBJC_IMPLICIT_RETAIN_SELF = YES;
				CLANG_WARN_OBJC_LITERAL_CONVERSION = YES;
				CLANG_WARN_OBJC_ROOT_CLASS = YES_ERROR;
				CLANG_WARN_RANGE_LOOP_ANALYSIS = YES;
				CLANG_WARN_STRICT_PROTOTYPES = YES;
				CLANG_WARN_SUSPICIOUS_MOVE = YES;
				CLANG_WARN_UNGUARDED_AVAILABILITY = YES_AGGRESSIVE;
				CLANG_WARN_UNREACHABLE_CODE = YES;
				CLANG_WARN__DUPLICATE_METHOD_MATCH = YES;
				CODE_SIGN_IDENTITY = "iPhone Developer";
				COPY_PHASE_STRIP = NO;
				DEBUG_INFORMATION_FORMAT = "dwarf-with-dsym";
				ENABLE_NS_ASSERTIONS = NO;
				ENABLE_STRICT_OBJC_MSGSEND = YES;
				GCC_C_LANGUAGE_STANDARD = gnu11;
				GCC_NO_COMMON_BLOCKS = YES;
				GCC_WARN_64_TO_32_BIT_CONVERSION = YES;
				GCC_WARN_ABOUT_RETURN_TYPE = YES_ERROR;
				GCC_WARN_UNDECLARED_SELECTOR = YES;
				GCC_WARN_UNINITIALIZED_AUTOS = YES_AGGRESSIVE;
				GCC_WARN_UNUSED_FUNCTION = YES;
				GCC_WARN_UNUSED_VARIABLE = YES;
				IPHONEOS_DEPLOYMENT_TARGET = 11.4;
				MTL_ENABLE_DEBUG_INFO = NO;
				SDKROOT = iphoneos;
				SWIFT_COMPILATION_MODE = wholemodule;
				SWIFT_OPTIMIZATION_LEVEL = "-O";
				VALIDATE_PRODUCT = YES;
			};
			name = Release;
		};
		C536302B2105ACFE007DFC7A /* Debug */ = {
			isa = XCBuildConfiguration;
			baseConfigurationReference = F316D1B570D21A5AE5F35914 /* Pods-Aim.debug.xcconfig */;
			buildSettings = {
				ASSETCATALOG_COMPILER_APPICON_NAME = AppIcon;
				CODE_SIGN_STYLE = Automatic;
				DEVELOPMENT_TEAM = UALV34MRH2;
				INFOPLIST_FILE = "$(SRCROOT)/Aim/Supporting Files/Info.plist";
				IPHONEOS_DEPLOYMENT_TARGET = 11.0;
				LD_RUNPATH_SEARCH_PATHS = (
					"$(inherited)",
					"@executable_path/Frameworks",
				);
				PRODUCT_BUNDLE_IDENTIFIER = com.codingbytes.Aim;
				PRODUCT_NAME = "$(TARGET_NAME)";
				SWIFT_VERSION = 5.0;
				TARGETED_DEVICE_FAMILY = 1;
			};
			name = Debug;
		};
		C536302C2105ACFE007DFC7A /* Release */ = {
			isa = XCBuildConfiguration;
			baseConfigurationReference = 2F1150228F20D090AAE5622F /* Pods-Aim.release.xcconfig */;
			buildSettings = {
				ASSETCATALOG_COMPILER_APPICON_NAME = AppIcon;
				CODE_SIGN_STYLE = Automatic;
				DEVELOPMENT_TEAM = UALV34MRH2;
				INFOPLIST_FILE = "$(SRCROOT)/Aim/Supporting Files/Info.plist";
				IPHONEOS_DEPLOYMENT_TARGET = 11.0;
				LD_RUNPATH_SEARCH_PATHS = (
					"$(inherited)",
					"@executable_path/Frameworks",
				);
				PRODUCT_BUNDLE_IDENTIFIER = com.codingbytes.Aim;
				PRODUCT_NAME = "$(TARGET_NAME)";
				SWIFT_VERSION = 5.0;
				TARGETED_DEVICE_FAMILY = 1;
			};
			name = Release;
		};
		C536302E2105ACFE007DFC7A /* Debug */ = {
			isa = XCBuildConfiguration;
			baseConfigurationReference = 6891AA88377BA611DD72E64F /* Pods-AimTests.debug.xcconfig */;
			buildSettings = {
				ALWAYS_EMBED_SWIFT_STANDARD_LIBRARIES = YES;
				BUNDLE_LOADER = "$(TEST_HOST)";
				CODE_SIGN_STYLE = Automatic;
				DEVELOPMENT_TEAM = UALV34MRH2;
				INFOPLIST_FILE = AimTests/Info.plist;
				LD_RUNPATH_SEARCH_PATHS = (
					"$(inherited)",
					"@executable_path/Frameworks",
					"@loader_path/Frameworks",
				);
				PRODUCT_BUNDLE_IDENTIFIER = com.codingbytes.AimTests;
				PRODUCT_NAME = "$(TARGET_NAME)";
				SWIFT_VERSION = 4.0;
				TARGETED_DEVICE_FAMILY = "1,2";
				TEST_HOST = "$(BUILT_PRODUCTS_DIR)/Aim.app/Aim";
			};
			name = Debug;
		};
		C536302F2105ACFE007DFC7A /* Release */ = {
			isa = XCBuildConfiguration;
			baseConfigurationReference = 437233DF579BF0DC59A32002 /* Pods-AimTests.release.xcconfig */;
			buildSettings = {
				ALWAYS_EMBED_SWIFT_STANDARD_LIBRARIES = YES;
				BUNDLE_LOADER = "$(TEST_HOST)";
				CODE_SIGN_STYLE = Automatic;
				DEVELOPMENT_TEAM = UALV34MRH2;
				INFOPLIST_FILE = AimTests/Info.plist;
				LD_RUNPATH_SEARCH_PATHS = (
					"$(inherited)",
					"@executable_path/Frameworks",
					"@loader_path/Frameworks",
				);
				PRODUCT_BUNDLE_IDENTIFIER = com.codingbytes.AimTests;
				PRODUCT_NAME = "$(TARGET_NAME)";
				SWIFT_VERSION = 4.0;
				TARGETED_DEVICE_FAMILY = "1,2";
				TEST_HOST = "$(BUILT_PRODUCTS_DIR)/Aim.app/Aim";
			};
			name = Release;
		};
		C53630312105ACFE007DFC7A /* Debug */ = {
			isa = XCBuildConfiguration;
			baseConfigurationReference = 1EBF28622EC97DBA11875FD6 /* Pods-AimUITests.debug.xcconfig */;
			buildSettings = {
				ALWAYS_EMBED_SWIFT_STANDARD_LIBRARIES = YES;
				CODE_SIGN_STYLE = Automatic;
				DEVELOPMENT_TEAM = UALV34MRH2;
				INFOPLIST_FILE = AimUITests/Info.plist;
				LD_RUNPATH_SEARCH_PATHS = (
					"$(inherited)",
					"@executable_path/Frameworks",
					"@loader_path/Frameworks",
				);
				PRODUCT_BUNDLE_IDENTIFIER = com.codingbytes.AimUITests;
				PRODUCT_NAME = "$(TARGET_NAME)";
				SWIFT_VERSION = 4.0;
				TARGETED_DEVICE_FAMILY = "1,2";
				TEST_TARGET_NAME = Aim;
			};
			name = Debug;
		};
		C53630322105ACFE007DFC7A /* Release */ = {
			isa = XCBuildConfiguration;
			baseConfigurationReference = 9682D75A170B94DBD19815B9 /* Pods-AimUITests.release.xcconfig */;
			buildSettings = {
				ALWAYS_EMBED_SWIFT_STANDARD_LIBRARIES = YES;
				CODE_SIGN_STYLE = Automatic;
				DEVELOPMENT_TEAM = UALV34MRH2;
				INFOPLIST_FILE = AimUITests/Info.plist;
				LD_RUNPATH_SEARCH_PATHS = (
					"$(inherited)",
					"@executable_path/Frameworks",
					"@loader_path/Frameworks",
				);
				PRODUCT_BUNDLE_IDENTIFIER = com.codingbytes.AimUITests;
				PRODUCT_NAME = "$(TARGET_NAME)";
				SWIFT_VERSION = 4.0;
				TARGETED_DEVICE_FAMILY = "1,2";
				TEST_TARGET_NAME = Aim;
			};
			name = Release;
		};
/* End XCBuildConfiguration section */

/* Begin XCConfigurationList section */
		C5362FFA2105ACFD007DFC7A /* Build configuration list for PBXProject "Aim" */ = {
			isa = XCConfigurationList;
			buildConfigurations = (
				C53630282105ACFE007DFC7A /* Debug */,
				C53630292105ACFE007DFC7A /* Release */,
			);
			defaultConfigurationIsVisible = 0;
			defaultConfigurationName = Release;
		};
		C536302A2105ACFE007DFC7A /* Build configuration list for PBXNativeTarget "Aim" */ = {
			isa = XCConfigurationList;
			buildConfigurations = (
				C536302B2105ACFE007DFC7A /* Debug */,
				C536302C2105ACFE007DFC7A /* Release */,
			);
			defaultConfigurationIsVisible = 0;
			defaultConfigurationName = Release;
		};
		C536302D2105ACFE007DFC7A /* Build configuration list for PBXNativeTarget "AimTests" */ = {
			isa = XCConfigurationList;
			buildConfigurations = (
				C536302E2105ACFE007DFC7A /* Debug */,
				C536302F2105ACFE007DFC7A /* Release */,
			);
			defaultConfigurationIsVisible = 0;
			defaultConfigurationName = Release;
		};
		C53630302105ACFE007DFC7A /* Build configuration list for PBXNativeTarget "AimUITests" */ = {
			isa = XCConfigurationList;
			buildConfigurations = (
				C53630312105ACFE007DFC7A /* Debug */,
				C53630322105ACFE007DFC7A /* Release */,
			);
			defaultConfigurationIsVisible = 0;
			defaultConfigurationName = Release;
		};
/* End XCConfigurationList section */

/* Begin XCVersionGroup section */
		C53630092105ACFD007DFC7A /* Aim.xcdatamodeld */ = {
			isa = XCVersionGroup;
			children = (
				C536300A2105ACFD007DFC7A /* Aim.xcdatamodel */,
			);
			currentVersion = C536300A2105ACFD007DFC7A /* Aim.xcdatamodel */;
			path = Aim.xcdatamodeld;
			sourceTree = "<group>";
			versionGroupType = wrapper.xcdatamodel;
		};
/* End XCVersionGroup section */
	};
	rootObject = C5362FF72105ACFD007DFC7A /* Project object */;
}
